<?xml version="1.0" encoding="utf-8"?>
<Project ToolsVersion="4.0" xmlns="http://schemas.microsoft.com/developer/msbuild/2003">
  <ItemGroup>
    <Filter Include="Resource Files">
      <UniqueIdentifier>{67DA6AB6-F800-4c08-8B7A-83BB121AAD01}</UniqueIdentifier>
      <Extensions>rc;ico;cur;bmp;dlg;rc2;rct;bin;rgs;gif;jpg;jpeg;jpe;resx;tiff;tif;png;wav;mfcribbon-ms</Extensions>
    </Filter>
    <Filter Include="Framework Files">
      <UniqueIdentifier>{93995380-89BD-4b04-88EB-625FBE52EBFB}</UniqueIdentifier>
      <Extensions>h;hh;hpp;hxx;h++;hm;inl;inc;ipp;xsd</Extensions>
    </Filter>
    <Filter Include="Game Files">
      <UniqueIdentifier>{4FC737F1-C7A5-4376-A066-2A32D752A2FF}</UniqueIdentifier>
      <Extensions>cpp;c;cc;cxx;c++;cppm;ixx;def;odl;idl;hpj;bat;asm;asmx</Extensions>
    </Filter>
  </ItemGroup>
  <ItemGroup>
    <ClInclude Include="framework.h">
      <Filter>Framework Files</Filter>
    </ClInclude>
    <ClInclude Include="targetver.h">
      <Filter>Framework Files</Filter>
    </ClInclude>
    <ClInclude Include="Resource.h">
      <Filter>Framework Files</Filter>
    </ClInclude>
    <ClInclude Include="SnakeNN.h">
      <Filter>Framework Files</Filter>
    </ClInclude>
    <ClInclude Include="Snake\Cell.h">
      <Filter>Framework Files</Filter>
    </ClInclude>
    <ClInclude Include="Snake\Snake.h">
      <Filter>Framework Files</Filter>
    </ClInclude>
    <ClInclude Include="NN\Network.h">
      <Filter>Framework Files</Filter>
    </ClInclude>
    <ClInclude Include="NN\Neuron.h">
      <Filter>Framework Files</Filter>
    </ClInclude>
    <ClInclude Include="NN\TrainingData.h">
      <Filter>Framework Files</Filter>
    </ClInclude>
    <ClInclude Include="NN\Utils.h">
      <Filter>Framework Files</Filter>
    </ClInclude>
    <ClInclude Include="NN\DataStruct.h">
      <Filter>Framework Files</Filter>
    </ClInclude>
    <ClInclude Include="Snake\Utils.h">
      <Filter>Framework Files</Filter>
    </ClInclude>
    <ClInclude Include="Utils.h">
      <Filter>Framework Files</Filter>
    </ClInclude>
  </ItemGroup>
  <ItemGroup>
    <ClCompile Include="main.cpp">
      <Filter>Game Files</Filter>
    </ClCompile>
    <ClCompile Include="Snake\Snake.cpp">
      <Filter>Game Files</Filter>
    </ClCompile>
    <ClCompile Include="NN\Network.cpp">
      <Filter>Game Files</Filter>
    </ClCompile>
    <ClCompile Include="NN\Neuron.cpp">
      <Filter>Game Files</Filter>
    </ClCompile>
    <ClCompile Include="NN\TrainingData.cpp">
      <Filter>Game Files</Filter>
    </ClCompile>
  </ItemGroup>
  <ItemGroup>
    <ResourceCompile Include="SnakeNN.rc">
      <Filter>Resource Files</Filter>
    </ResourceCompile>
  </ItemGroup>
  <ItemGroup>
    <Image Include="small.ico">
      <Filter>Resource Files</Filter>
    </Image>
    <Image Include="SnakeNN.ico">
      <Filter>Resource Files</Filter>
    </Image>
  </ItemGroup>
  <ItemGroup>
    <Text Include="TrainingData\trainingData.txt" />
  </ItemGroup>
</Project>